// !$*UTF8*$!
{
	archiveVersion = 1;
	classes = {
	};
	objectVersion = 51;
	objects = {

/* Begin PBXBuildFile section */
		0F3FD26091CD1FA3C4F670A6 /* libPods-ButterflyGoogleMaps.a in Frameworks */ = {isa = PBXBuildFile; fileRef = 795832196E69A9DA9370127E /* libPods-ButterflyGoogleMaps.a */; };
		23CFB4A125F698A2001BAE75 /* MKMapView+bind.swift in Sources */ = {isa = PBXBuildFile; fileRef = 23CFB49825F698A2001BAE75 /* MKMapView+bind.swift */; };
		23CFB4A225F698A2001BAE75 /* PlacesAutocomplete.swift in Sources */ = {isa = PBXBuildFile; fileRef = 23CFB49925F698A2001BAE75 /* PlacesAutocomplete.swift */; };
		23CFB4A525F698A2001BAE75 /* LKButterflyMaps.h in Headers */ = {isa = PBXBuildFile; fileRef = 23CFB49C25F698A2001BAE75 /* LKButterflyMaps.h */; settings = {ATTRIBUTES = (Public, ); }; };
		23CFB4F425F69D93001BAE75 /* ButterflyMapsTests.swift in Sources */ = {isa = PBXBuildFile; fileRef = 23CFB4D725F69C03001BAE75 /* ButterflyMapsTests.swift */; };
		5EE748612367610700EB5B6E /* LKButterflyGoogleMaps.framework in Frameworks */ = {isa = PBXBuildFile; fileRef = 5EE748572367610600EB5B6E /* LKButterflyGoogleMaps.framework */; };
		6D98A85045B8D1845768E966 /* libPods-ButterflyGoogleMapsTests.a in Frameworks */ = {isa = PBXBuildFile; fileRef = C9A1D5FAE2EB39BBA753EE5A /* libPods-ButterflyGoogleMapsTests.a */; };
/* End PBXBuildFile section */

/* Begin PBXContainerItemProxy section */
		5EE748622367610700EB5B6E /* PBXContainerItemProxy */ = {
			isa = PBXContainerItemProxy;
			containerPortal = 5EE7484E2367610600EB5B6E /* Project object */;
			proxyType = 1;
			remoteGlobalIDString = 5EE748562367610600EB5B6E;
			remoteInfo = ButterflyMaps;
		};
/* End PBXContainerItemProxy section */

/* Begin PBXFileReference section */
		23CFB49825F698A2001BAE75 /* MKMapView+bind.swift */ = {isa = PBXFileReference; fileEncoding = 4; lastKnownFileType = sourcecode.swift; path = "MKMapView+bind.swift"; sourceTree = "<group>"; };
		23CFB49925F698A2001BAE75 /* PlacesAutocomplete.swift */ = {isa = PBXFileReference; fileEncoding = 4; lastKnownFileType = sourcecode.swift; path = PlacesAutocomplete.swift; sourceTree = "<group>"; };
		23CFB49C25F698A2001BAE75 /* LKButterflyMaps.h */ = {isa = PBXFileReference; fileEncoding = 4; lastKnownFileType = sourcecode.c.h; path = LKButterflyMaps.h; sourceTree = "<group>"; };
		23CFB49D25F698A2001BAE75 /* Info.plist */ = {isa = PBXFileReference; fileEncoding = 4; lastKnownFileType = text.plist.xml; path = Info.plist; sourceTree = "<group>"; };
		23CFB4D525F69C03001BAE75 /* LKButterflyGoogleMapsTests-Bridging-Header.h */ = {isa = PBXFileReference; fileEncoding = 4; lastKnownFileType = sourcecode.c.h; path = "LKButterflyGoogleMapsTests-Bridging-Header.h"; sourceTree = "<group>"; };
		23CFB4D625F69C03001BAE75 /* Info.plist */ = {isa = PBXFileReference; fileEncoding = 4; lastKnownFileType = text.plist.xml; path = Info.plist; sourceTree = "<group>"; };
		23CFB4D725F69C03001BAE75 /* ButterflyMapsTests.swift */ = {isa = PBXFileReference; fileEncoding = 4; lastKnownFileType = sourcecode.swift; path = ButterflyMapsTests.swift; sourceTree = "<group>"; };
		32FB97B2AB657487D80DFC56 /* Pods-ButterflyGoogleMaps.debug.xcconfig */ = {isa = PBXFileReference; includeInIndex = 1; lastKnownFileType = text.xcconfig; name = "Pods-ButterflyGoogleMaps.debug.xcconfig"; path = "Target Support Files/Pods-ButterflyGoogleMaps/Pods-ButterflyGoogleMaps.debug.xcconfig"; sourceTree = "<group>"; };
		5E65392E6035DF1EE546179B /* Pods-ButterflyGoogleMapsTests.debug.xcconfig */ = {isa = PBXFileReference; includeInIndex = 1; lastKnownFileType = text.xcconfig; name = "Pods-ButterflyGoogleMapsTests.debug.xcconfig"; path = "Target Support Files/Pods-ButterflyGoogleMapsTests/Pods-ButterflyGoogleMapsTests.debug.xcconfig"; sourceTree = "<group>"; };
		5EE748572367610600EB5B6E /* LKButterflyGoogleMaps.framework */ = {isa = PBXFileReference; explicitFileType = wrapper.framework; includeInIndex = 0; path = LKButterflyGoogleMaps.framework; sourceTree = BUILT_PRODUCTS_DIR; };
		5EE748602367610700EB5B6E /* LKButterflyGoogleMapsTests.xctest */ = {isa = PBXFileReference; explicitFileType = wrapper.cfbundle; includeInIndex = 0; path = LKButterflyGoogleMapsTests.xctest; sourceTree = BUILT_PRODUCTS_DIR; };
		795832196E69A9DA9370127E /* libPods-ButterflyGoogleMaps.a */ = {isa = PBXFileReference; explicitFileType = archive.ar; includeInIndex = 0; path = "libPods-ButterflyGoogleMaps.a"; sourceTree = BUILT_PRODUCTS_DIR; };
		7D64FC3877E42F2E1150F7C3 /* Pods-ButterflyGoogleMapsTests.release.xcconfig */ = {isa = PBXFileReference; includeInIndex = 1; lastKnownFileType = text.xcconfig; name = "Pods-ButterflyGoogleMapsTests.release.xcconfig"; path = "Target Support Files/Pods-ButterflyGoogleMapsTests/Pods-ButterflyGoogleMapsTests.release.xcconfig"; sourceTree = "<group>"; };
		C9A1D5FAE2EB39BBA753EE5A /* libPods-ButterflyGoogleMapsTests.a */ = {isa = PBXFileReference; explicitFileType = archive.ar; includeInIndex = 0; path = "libPods-ButterflyGoogleMapsTests.a"; sourceTree = BUILT_PRODUCTS_DIR; };
		E49F0C443A35DB8607DB2AE9 /* Pods-ButterflyGoogleMaps.release.xcconfig */ = {isa = PBXFileReference; includeInIndex = 1; lastKnownFileType = text.xcconfig; name = "Pods-ButterflyGoogleMaps.release.xcconfig"; path = "Target Support Files/Pods-ButterflyGoogleMaps/Pods-ButterflyGoogleMaps.release.xcconfig"; sourceTree = "<group>"; };
/* End PBXFileReference section */

/* Begin PBXFrameworksBuildPhase section */
		5EE748542367610600EB5B6E /* Frameworks */ = {
			isa = PBXFrameworksBuildPhase;
			buildActionMask = 2147483647;
			files = (
				0F3FD26091CD1FA3C4F670A6 /* libPods-ButterflyGoogleMaps.a in Frameworks */,
			);
			runOnlyForDeploymentPostprocessing = 0;
		};
		5EE7485D2367610700EB5B6E /* Frameworks */ = {
			isa = PBXFrameworksBuildPhase;
			buildActionMask = 2147483647;
			files = (
				5EE748612367610700EB5B6E /* LKButterflyGoogleMaps.framework in Frameworks */,
				6D98A85045B8D1845768E966 /* libPods-ButterflyGoogleMapsTests.a in Frameworks */,
			);
			runOnlyForDeploymentPostprocessing = 0;
		};
/* End PBXFrameworksBuildPhase section */

/* Begin PBXGroup section */
		23CFB49425F698A2001BAE75 /* LKButterflyGoogleMapsTests */ = {
			isa = PBXGroup;
			children = (
				23CFB4D525F69C03001BAE75 /* LKButterflyGoogleMapsTests-Bridging-Header.h */,
				23CFB4D725F69C03001BAE75 /* ButterflyMapsTests.swift */,
				23CFB4D625F69C03001BAE75 /* Info.plist */,
			);
			path = LKButterflyGoogleMapsTests;
			sourceTree = "<group>";
		};
		23CFB49725F698A2001BAE75 /* LKButterflyGoogleMaps */ = {
			isa = PBXGroup;
			children = (
				23CFB49825F698A2001BAE75 /* MKMapView+bind.swift */,
				23CFB49925F698A2001BAE75 /* PlacesAutocomplete.swift */,
				23CFB49C25F698A2001BAE75 /* LKButterflyMaps.h */,
				23CFB49D25F698A2001BAE75 /* Info.plist */,
			);
			path = LKButterflyGoogleMaps;
			sourceTree = "<group>";
		};
		2AC40759760470954755E7CD /* Frameworks */ = {
			isa = PBXGroup;
			children = (
				795832196E69A9DA9370127E /* libPods-ButterflyGoogleMaps.a */,
				C9A1D5FAE2EB39BBA753EE5A /* libPods-ButterflyGoogleMapsTests.a */,
			);
			name = Frameworks;
			sourceTree = "<group>";
		};
		5EE7484D2367610600EB5B6E = {
			isa = PBXGroup;
			children = (
				23CFB49725F698A2001BAE75 /* LKButterflyGoogleMaps */,
				23CFB49425F698A2001BAE75 /* LKButterflyGoogleMapsTests */,
				5EE748582367610600EB5B6E /* Products */,
				9DD5E63BF0D96F758A1C45D7 /* Pods */,
				2AC40759760470954755E7CD /* Frameworks */,
			);
			sourceTree = "<group>";
		};
		5EE748582367610600EB5B6E /* Products */ = {
			isa = PBXGroup;
			children = (
				5EE748572367610600EB5B6E /* LKButterflyGoogleMaps.framework */,
				5EE748602367610700EB5B6E /* LKButterflyGoogleMapsTests.xctest */,
			);
			name = Products;
			sourceTree = "<group>";
		};
		9DD5E63BF0D96F758A1C45D7 /* Pods */ = {
			isa = PBXGroup;
			children = (
				32FB97B2AB657487D80DFC56 /* Pods-ButterflyGoogleMaps.debug.xcconfig */,
				E49F0C443A35DB8607DB2AE9 /* Pods-ButterflyGoogleMaps.release.xcconfig */,
				5E65392E6035DF1EE546179B /* Pods-ButterflyGoogleMapsTests.debug.xcconfig */,
				7D64FC3877E42F2E1150F7C3 /* Pods-ButterflyGoogleMapsTests.release.xcconfig */,
			);
			path = Pods;
			sourceTree = "<group>";
		};
/* End PBXGroup section */

/* Begin PBXHeadersBuildPhase section */
		5EE748522367610600EB5B6E /* Headers */ = {
			isa = PBXHeadersBuildPhase;
			buildActionMask = 2147483647;
			files = (
				23CFB4A525F698A2001BAE75 /* LKButterflyMaps.h in Headers */,
			);
			runOnlyForDeploymentPostprocessing = 0;
		};
/* End PBXHeadersBuildPhase section */

/* Begin PBXNativeTarget section */
		5EE748562367610600EB5B6E /* LKButterflyGoogleMaps */ = {
			isa = PBXNativeTarget;
			buildConfigurationList = 5EE7486B2367610700EB5B6E /* Build configuration list for PBXNativeTarget "LKButterflyGoogleMaps" */;
			buildPhases = (
				5C122BF22DB6D19504C62D59 /* [CP] Check Pods Manifest.lock */,
				5EE748522367610600EB5B6E /* Headers */,
				5EE748532367610600EB5B6E /* Sources */,
				5EE748542367610600EB5B6E /* Frameworks */,
				19F7F69BA1D1C24F8B035E4D /* [CP] Copy Pods Resources */,
			);
			buildRules = (
			);
			dependencies = (
			);
			name = LKButterflyGoogleMaps;
			productName = ButterflyMaps;
			productReference = 5EE748572367610600EB5B6E /* LKButterflyGoogleMaps.framework */;
			productType = "com.apple.product-type.framework";
		};
		5EE7485F2367610700EB5B6E /* LKButterflyGoogleMapsTests */ = {
			isa = PBXNativeTarget;
			buildConfigurationList = 5EE7486E2367610700EB5B6E /* Build configuration list for PBXNativeTarget "LKButterflyGoogleMapsTests" */;
			buildPhases = (
				88A103A4280BB501C9CE8B02 /* [CP] Check Pods Manifest.lock */,
				5EE7485C2367610700EB5B6E /* Sources */,
				5EE7485D2367610700EB5B6E /* Frameworks */,
				F5083084689AF4A82EBFB22A /* [CP] Copy Pods Resources */,
			);
			buildRules = (
			);
			dependencies = (
				5EE748632367610700EB5B6E /* PBXTargetDependency */,
			);
			name = LKButterflyGoogleMapsTests;
			productName = ButterflyMapsTests;
			productReference = 5EE748602367610700EB5B6E /* LKButterflyGoogleMapsTests.xctest */;
			productType = "com.apple.product-type.bundle.unit-test";
		};
/* End PBXNativeTarget section */

/* Begin PBXProject section */
		5EE7484E2367610600EB5B6E /* Project object */ = {
			isa = PBXProject;
			attributes = {
				LastSwiftUpdateCheck = 1100;
				LastUpgradeCheck = 1100;
				ORGANIZATIONNAME = "Lightning Kite";
				TargetAttributes = {
					5EE748562367610600EB5B6E = {
						CreatedOnToolsVersion = 11.0;
						LastSwiftMigration = 1100;
					};
					5EE7485F2367610700EB5B6E = {
						CreatedOnToolsVersion = 11.0;
						LastSwiftMigration = 1240;
					};
				};
			};
			buildConfigurationList = 5EE748512367610600EB5B6E /* Build configuration list for PBXProject "LKButterflyGoogleMaps" */;
			compatibilityVersion = "Xcode 9.3";
			developmentRegion = en;
			hasScannedForEncodings = 0;
			knownRegions = (
				en,
				Base,
			);
			mainGroup = 5EE7484D2367610600EB5B6E;
			productRefGroup = 5EE748582367610600EB5B6E /* Products */;
			projectDirPath = "";
			projectRoot = "";
			targets = (
				5EE748562367610600EB5B6E /* LKButterflyGoogleMaps */,
				5EE7485F2367610700EB5B6E /* LKButterflyGoogleMapsTests */,
			);
		};
/* End PBXProject section */

/* Begin PBXShellScriptBuildPhase section */
		19F7F69BA1D1C24F8B035E4D /* [CP] Copy Pods Resources */ = {
			isa = PBXShellScriptBuildPhase;
			buildActionMask = 2147483647;
			files = (
			);
			inputFileListPaths = (
				"${PODS_ROOT}/Target Support Files/Pods-ButterflyGoogleMaps/Pods-ButterflyGoogleMaps-resources-${CONFIGURATION}-input-files.xcfilelist",
			);
			name = "[CP] Copy Pods Resources";
			outputFileListPaths = (
				"${PODS_ROOT}/Target Support Files/Pods-ButterflyGoogleMaps/Pods-ButterflyGoogleMaps-resources-${CONFIGURATION}-output-files.xcfilelist",
			);
			runOnlyForDeploymentPostprocessing = 0;
			shellPath = /bin/sh;
			shellScript = "\"${PODS_ROOT}/Target Support Files/Pods-ButterflyGoogleMaps/Pods-ButterflyGoogleMaps-resources.sh\"\n";
			showEnvVarsInLog = 0;
		};
		5C122BF22DB6D19504C62D59 /* [CP] Check Pods Manifest.lock */ = {
			isa = PBXShellScriptBuildPhase;
			buildActionMask = 2147483647;
			files = (
			);
			inputFileListPaths = (
			);
			inputPaths = (
				"${PODS_PODFILE_DIR_PATH}/Podfile.lock",
				"${PODS_ROOT}/Manifest.lock",
			);
			name = "[CP] Check Pods Manifest.lock";
			outputFileListPaths = (
			);
			outputPaths = (
				"$(DERIVED_FILE_DIR)/Pods-ButterflyGoogleMaps-checkManifestLockResult.txt",
			);
			runOnlyForDeploymentPostprocessing = 0;
			shellPath = /bin/sh;
			shellScript = "diff \"${PODS_PODFILE_DIR_PATH}/Podfile.lock\" \"${PODS_ROOT}/Manifest.lock\" > /dev/null\nif [ $? != 0 ] ; then\n    # print error to STDERR\n    echo \"error: The sandbox is not in sync with the Podfile.lock. Run 'pod install' or update your CocoaPods installation.\" >&2\n    exit 1\nfi\n# This output is used by Xcode 'outputs' to avoid re-running this script phase.\necho \"SUCCESS\" > \"${SCRIPT_OUTPUT_FILE_0}\"\n";
			showEnvVarsInLog = 0;
		};
		88A103A4280BB501C9CE8B02 /* [CP] Check Pods Manifest.lock */ = {
			isa = PBXShellScriptBuildPhase;
			buildActionMask = 2147483647;
			files = (
			);
			inputFileListPaths = (
			);
			inputPaths = (
				"${PODS_PODFILE_DIR_PATH}/Podfile.lock",
				"${PODS_ROOT}/Manifest.lock",
			);
			name = "[CP] Check Pods Manifest.lock";
			outputFileListPaths = (
			);
			outputPaths = (
				"$(DERIVED_FILE_DIR)/Pods-ButterflyGoogleMapsTests-checkManifestLockResult.txt",
			);
			runOnlyForDeploymentPostprocessing = 0;
			shellPath = /bin/sh;
			shellScript = "diff \"${PODS_PODFILE_DIR_PATH}/Podfile.lock\" \"${PODS_ROOT}/Manifest.lock\" > /dev/null\nif [ $? != 0 ] ; then\n    # print error to STDERR\n    echo \"error: The sandbox is not in sync with the Podfile.lock. Run 'pod install' or update your CocoaPods installation.\" >&2\n    exit 1\nfi\n# This output is used by Xcode 'outputs' to avoid re-running this script phase.\necho \"SUCCESS\" > \"${SCRIPT_OUTPUT_FILE_0}\"\n";
			showEnvVarsInLog = 0;
		};
		F5083084689AF4A82EBFB22A /* [CP] Copy Pods Resources */ = {
			isa = PBXShellScriptBuildPhase;
			buildActionMask = 2147483647;
			files = (
			);
			inputFileListPaths = (
				"${PODS_ROOT}/Target Support Files/Pods-ButterflyGoogleMapsTests/Pods-ButterflyGoogleMapsTests-resources-${CONFIGURATION}-input-files.xcfilelist",
			);
			name = "[CP] Copy Pods Resources";
			outputFileListPaths = (
				"${PODS_ROOT}/Target Support Files/Pods-ButterflyGoogleMapsTests/Pods-ButterflyGoogleMapsTests-resources-${CONFIGURATION}-output-files.xcfilelist",
			);
			runOnlyForDeploymentPostprocessing = 0;
			shellPath = /bin/sh;
			shellScript = "\"${PODS_ROOT}/Target Support Files/Pods-ButterflyGoogleMapsTests/Pods-ButterflyGoogleMapsTests-resources.sh\"\n";
			showEnvVarsInLog = 0;
		};
/* End PBXShellScriptBuildPhase section */

/* Begin PBXSourcesBuildPhase section */
		5EE748532367610600EB5B6E /* Sources */ = {
			isa = PBXSourcesBuildPhase;
			buildActionMask = 2147483647;
			files = (
				23CFB4A125F698A2001BAE75 /* MKMapView+bind.swift in Sources */,
				23CFB4A225F698A2001BAE75 /* PlacesAutocomplete.swift in Sources */,
			);
			runOnlyForDeploymentPostprocessing = 0;
		};
		5EE7485C2367610700EB5B6E /* Sources */ = {
			isa = PBXSourcesBuildPhase;
			buildActionMask = 2147483647;
			files = (
				23CFB4F425F69D93001BAE75 /* ButterflyMapsTests.swift in Sources */,
			);
			runOnlyForDeploymentPostprocessing = 0;
		};
/* End PBXSourcesBuildPhase section */

/* Begin PBXTargetDependency section */
		5EE748632367610700EB5B6E /* PBXTargetDependency */ = {
			isa = PBXTargetDependency;
			target = 5EE748562367610600EB5B6E /* LKButterflyGoogleMaps */;
			targetProxy = 5EE748622367610700EB5B6E /* PBXContainerItemProxy */;
		};
/* End PBXTargetDependency section */

/* Begin XCBuildConfiguration section */
		5EE748692367610700EB5B6E /* Debug */ = {
			isa = XCBuildConfiguration;
			buildSettings = {
				ALWAYS_SEARCH_USER_PATHS = NO;
				CLANG_ANALYZER_NONNULL = YES;
				CLANG_ANALYZER_NUMBER_OBJECT_CONVERSION = YES_AGGRESSIVE;
				CLANG_CXX_LANGUAGE_STANDARD = "gnu++14";
				CLANG_CXX_LIBRARY = "libc++";
				CLANG_ENABLE_MODULES = YES;
				CLANG_ENABLE_OBJC_ARC = YES;
				CLANG_ENABLE_OBJC_WEAK = YES;
				CLANG_WARN_BLOCK_CAPTURE_AUTORELEASING = YES;
				CLANG_WARN_BOOL_CONVERSION = YES;
				CLANG_WARN_COMMA = YES;
				CLANG_WARN_CONSTANT_CONVERSION = YES;
				CLANG_WARN_DEPRECATED_OBJC_IMPLEMENTATIONS = YES;
				CLANG_WARN_DIRECT_OBJC_ISA_USAGE = YES_ERROR;
				CLANG_WARN_DOCUMENTATION_COMMENTS = YES;
				CLANG_WARN_EMPTY_BODY = YES;
				CLANG_WARN_ENUM_CONVERSION = YES;
				CLANG_WARN_INFINITE_RECURSION = YES;
				CLANG_WARN_INT_CONVERSION = YES;
				CLANG_WARN_NON_LITERAL_NULL_CONVERSION = YES;
				CLANG_WARN_OBJC_IMPLICIT_RETAIN_SELF = YES;
				CLANG_WARN_OBJC_LITERAL_CONVERSION = YES;
				CLANG_WARN_OBJC_ROOT_CLASS = YES_ERROR;
				CLANG_WARN_RANGE_LOOP_ANALYSIS = YES;
				CLANG_WARN_STRICT_PROTOTYPES = YES;
				CLANG_WARN_SUSPICIOUS_MOVE = YES;
				CLANG_WARN_UNGUARDED_AVAILABILITY = YES_AGGRESSIVE;
				CLANG_WARN_UNREACHABLE_CODE = YES;
				CLANG_WARN__DUPLICATE_METHOD_MATCH = YES;
				COPY_PHASE_STRIP = NO;
				CURRENT_PROJECT_VERSION = 1;
				DEBUG_INFORMATION_FORMAT = dwarf;
				ENABLE_STRICT_OBJC_MSGSEND = YES;
				ENABLE_TESTABILITY = YES;
				GCC_C_LANGUAGE_STANDARD = gnu11;
				GCC_DYNAMIC_NO_PIC = NO;
				GCC_NO_COMMON_BLOCKS = YES;
				GCC_OPTIMIZATION_LEVEL = 0;
				GCC_PREPROCESSOR_DEFINITIONS = (
					"DEBUG=1",
					"$(inherited)",
				);
				GCC_WARN_64_TO_32_BIT_CONVERSION = YES;
				GCC_WARN_ABOUT_RETURN_TYPE = YES_ERROR;
				GCC_WARN_UNDECLARED_SELECTOR = YES;
				GCC_WARN_UNINITIALIZED_AUTOS = YES_AGGRESSIVE;
				GCC_WARN_UNUSED_FUNCTION = YES;
				GCC_WARN_UNUSED_VARIABLE = YES;
				IPHONEOS_DEPLOYMENT_TARGET = 11.0;
				MTL_ENABLE_DEBUG_INFO = INCLUDE_SOURCE;
				MTL_FAST_MATH = YES;
				ONLY_ACTIVE_ARCH = YES;
				SDKROOT = iphoneos;
				SWIFT_ACTIVE_COMPILATION_CONDITIONS = DEBUG;
				SWIFT_OPTIMIZATION_LEVEL = "-Onone";
				VERSIONING_SYSTEM = "apple-generic";
				VERSION_INFO_PREFIX = "";
			};
			name = Debug;
		};
		5EE7486A2367610700EB5B6E /* Release */ = {
			isa = XCBuildConfiguration;
			buildSettings = {
				ALWAYS_SEARCH_USER_PATHS = NO;
				CLANG_ANALYZER_NONNULL = YES;
				CLANG_ANALYZER_NUMBER_OBJECT_CONVERSION = YES_AGGRESSIVE;
				CLANG_CXX_LANGUAGE_STANDARD = "gnu++14";
				CLANG_CXX_LIBRARY = "libc++";
				CLANG_ENABLE_MODULES = YES;
				CLANG_ENABLE_OBJC_ARC = YES;
				CLANG_ENABLE_OBJC_WEAK = YES;
				CLANG_WARN_BLOCK_CAPTURE_AUTORELEASING = YES;
				CLANG_WARN_BOOL_CONVERSION = YES;
				CLANG_WARN_COMMA = YES;
				CLANG_WARN_CONSTANT_CONVERSION = YES;
				CLANG_WARN_DEPRECATED_OBJC_IMPLEMENTATIONS = YES;
				CLANG_WARN_DIRECT_OBJC_ISA_USAGE = YES_ERROR;
				CLANG_WARN_DOCUMENTATION_COMMENTS = YES;
				CLANG_WARN_EMPTY_BODY = YES;
				CLANG_WARN_ENUM_CONVERSION = YES;
				CLANG_WARN_INFINITE_RECURSION = YES;
				CLANG_WARN_INT_CONVERSION = YES;
				CLANG_WARN_NON_LITERAL_NULL_CONVERSION = YES;
				CLANG_WARN_OBJC_IMPLICIT_RETAIN_SELF = YES;
				CLANG_WARN_OBJC_LITERAL_CONVERSION = YES;
				CLANG_WARN_OBJC_ROOT_CLASS = YES_ERROR;
				CLANG_WARN_RANGE_LOOP_ANALYSIS = YES;
				CLANG_WARN_STRICT_PROTOTYPES = YES;
				CLANG_WARN_SUSPICIOUS_MOVE = YES;
				CLANG_WARN_UNGUARDED_AVAILABILITY = YES_AGGRESSIVE;
				CLANG_WARN_UNREACHABLE_CODE = YES;
				CLANG_WARN__DUPLICATE_METHOD_MATCH = YES;
				COPY_PHASE_STRIP = NO;
				CURRENT_PROJECT_VERSION = 1;
				DEBUG_INFORMATION_FORMAT = "dwarf-with-dsym";
				ENABLE_NS_ASSERTIONS = NO;
				ENABLE_STRICT_OBJC_MSGSEND = YES;
				GCC_C_LANGUAGE_STANDARD = gnu11;
				GCC_NO_COMMON_BLOCKS = YES;
				GCC_WARN_64_TO_32_BIT_CONVERSION = YES;
				GCC_WARN_ABOUT_RETURN_TYPE = YES_ERROR;
				GCC_WARN_UNDECLARED_SELECTOR = YES;
				GCC_WARN_UNINITIALIZED_AUTOS = YES_AGGRESSIVE;
				GCC_WARN_UNUSED_FUNCTION = YES;
				GCC_WARN_UNUSED_VARIABLE = YES;
				IPHONEOS_DEPLOYMENT_TARGET = 11.0;
				MTL_ENABLE_DEBUG_INFO = NO;
				MTL_FAST_MATH = YES;
				SDKROOT = iphoneos;
				SWIFT_COMPILATION_MODE = wholemodule;
				SWIFT_OPTIMIZATION_LEVEL = "-O";
				VALIDATE_PRODUCT = YES;
				VERSIONING_SYSTEM = "apple-generic";
				VERSION_INFO_PREFIX = "";
			};
			name = Release;
		};
		5EE7486C2367610700EB5B6E /* Debug */ = {
			isa = XCBuildConfiguration;
			baseConfigurationReference = 32FB97B2AB657487D80DFC56 /* Pods-ButterflyGoogleMaps.debug.xcconfig */;
			buildSettings = {
				CLANG_ENABLE_MODULES = YES;
				CODE_SIGN_STYLE = Automatic;
				DEFINES_MODULE = YES;
				DEVELOPMENT_TEAM = EF4N5K3F2Q;
				DYLIB_COMPATIBILITY_VERSION = 1;
				DYLIB_CURRENT_VERSION = 1;
				DYLIB_INSTALL_NAME_BASE = "@rpath";
				EXCLUDED_ARCHS = "";
				INFOPLIST_FILE = "$(SRCROOT)/LKButterflyGoogleMaps/Info.plist";
				INSTALL_PATH = "$(LOCAL_LIBRARY_DIR)/Frameworks";
				IPHONEOS_DEPLOYMENT_TARGET = 11.0;
				LD_RUNPATH_SEARCH_PATHS = (
					"$(inherited)",
					"@executable_path/Frameworks",
					"@loader_path/Frameworks",
				);
				PRODUCT_BUNDLE_IDENTIFIER = com.lightningkite.LKButterflyGoogleMaps;
				PRODUCT_NAME = "$(TARGET_NAME:c99extidentifier)";
				SKIP_INSTALL = YES;
				SWIFT_OPTIMIZATION_LEVEL = "-Onone";
				SWIFT_VERSION = 5.0;
				TARGETED_DEVICE_FAMILY = "1,2";
			};
			name = Debug;
		};
		5EE7486D2367610700EB5B6E /* Release */ = {
			isa = XCBuildConfiguration;
			baseConfigurationReference = E49F0C443A35DB8607DB2AE9 /* Pods-ButterflyGoogleMaps.release.xcconfig */;
			buildSettings = {
				CLANG_ENABLE_MODULES = YES;
				CODE_SIGN_STYLE = Automatic;
				DEFINES_MODULE = YES;
				DEVELOPMENT_TEAM = EF4N5K3F2Q;
				DYLIB_COMPATIBILITY_VERSION = 1;
				DYLIB_CURRENT_VERSION = 1;
				DYLIB_INSTALL_NAME_BASE = "@rpath";
				EXCLUDED_ARCHS = "";
				INFOPLIST_FILE = "$(SRCROOT)/LKButterflyGoogleMaps/Info.plist";
				INSTALL_PATH = "$(LOCAL_LIBRARY_DIR)/Frameworks";
				IPHONEOS_DEPLOYMENT_TARGET = 11.0;
				LD_RUNPATH_SEARCH_PATHS = (
					"$(inherited)",
					"@executable_path/Frameworks",
					"@loader_path/Frameworks",
				);
				ONLY_ACTIVE_ARCH = NO;
				PRODUCT_BUNDLE_IDENTIFIER = com.lightningkite.LKButterflyGoogleMaps;
				PRODUCT_NAME = "$(TARGET_NAME:c99extidentifier)";
				SKIP_INSTALL = YES;
				SWIFT_VERSION = 5.0;
				TARGETED_DEVICE_FAMILY = "1,2";
			};
			name = Release;
		};
		5EE7486F2367610700EB5B6E /* Debug */ = {
			isa = XCBuildConfiguration;
			baseConfigurationReference = 5E65392E6035DF1EE546179B /* Pods-ButterflyGoogleMapsTests.debug.xcconfig */;
			buildSettings = {
				ALWAYS_EMBED_SWIFT_STANDARD_LIBRARIES = YES;
				CLANG_ENABLE_MODULES = YES;
				CODE_SIGN_STYLE = Automatic;
				DEVELOPMENT_TEAM = EF4N5K3F2Q;
				EXCLUDED_ARCHS = "";
				INFOPLIST_FILE = LKButterflyGoogleMapsTests/Info.plist;
				LD_RUNPATH_SEARCH_PATHS = (
					"$(inherited)",
					"@executable_path/Frameworks",
					"@loader_path/Frameworks",
				);
				PRODUCT_BUNDLE_IDENTIFIER = com.lightningkite.LKButterflyGoogleMapsTests;
				PRODUCT_NAME = "$(TARGET_NAME)";
				SWIFT_OBJC_BRIDGING_HEADER = "LKButterflyGoogleMapsTests/LKButterflyGoogleMapsTests-Bridging-Header.h";
				SWIFT_OPTIMIZATION_LEVEL = "-Onone";
				SWIFT_VERSION = 5.0;
				TARGETED_DEVICE_FAMILY = "1,2";
			};
			name = Debug;
		};
		5EE748702367610700EB5B6E /* Release */ = {
			isa = XCBuildConfiguration;
			baseConfigurationReference = 7D64FC3877E42F2E1150F7C3 /* Pods-ButterflyGoogleMapsTests.release.xcconfig */;
			buildSettings = {
				ALWAYS_EMBED_SWIFT_STANDARD_LIBRARIES = YES;
				CLANG_ENABLE_MODULES = YES;
				CODE_SIGN_STYLE = Automatic;
				DEVELOPMENT_TEAM = EF4N5K3F2Q;
				EXCLUDED_ARCHS = "";
				INFOPLIST_FILE = LKButterflyGoogleMapsTests/Info.plist;
				LD_RUNPATH_SEARCH_PATHS = (
					"$(inherited)",
					"@executable_path/Frameworks",
					"@loader_path/Frameworks",
				);
				ONLY_ACTIVE_ARCH = NO;
				PRODUCT_BUNDLE_IDENTIFIER = com.lightningkite.LKButterflyGoogleMapsTests;
				PRODUCT_NAME = "$(TARGET_NAME)";
				SWIFT_OBJC_BRIDGING_HEADER = "LKButterflyGoogleMapsTests/LKButterflyGoogleMapsTests-Bridging-Header.h";
				SWIFT_VERSION = 5.0;
				TARGETED_DEVICE_FAMILY = "1,2";
			};
			name = Release;
		};
/* End XCBuildConfiguration section */

/* Begin XCConfigurationList section */
		5EE748512367610600EB5B6E /* Build configuration list for PBXProject "LKButterflyGoogleMaps" */ = {
			isa = XCConfigurationList;
			buildConfigurations = (
				5EE748692367610700EB5B6E /* Debug */,
				5EE7486A2367610700EB5B6E /* Release */,
			);
			defaultConfigurationIsVisible = 0;
			defaultConfigurationName = Release;
		};
		5EE7486B2367610700EB5B6E /* Build configuration list for PBXNativeTarget "LKButterflyGoogleMaps" */ = {
			isa = XCConfigurationList;
			buildConfigurations = (
				5EE7486C2367610700EB5B6E /* Debug */,
				5EE7486D2367610700EB5B6E /* Release */,
			);
			defaultConfigurationIsVisible = 0;
			defaultConfigurationName = Release;
		};
		5EE7486E2367610700EB5B6E /* Build configuration list for PBXNativeTarget "LKButterflyGoogleMapsTests" */ = {
			isa = XCConfigurationList;
			buildConfigurations = (
				5EE7486F2367610700EB5B6E /* Debug */,
				5EE748702367610700EB5B6E /* Release */,
			);
			defaultConfigurationIsVisible = 0;
			defaultConfigurationName = Release;
		};
/* End XCConfigurationList section */
	};
	rootObject = 5EE7484E2367610600EB5B6E /* Project object */;
}
